// !$*UTF8*$!
{
	archiveVersion = 1;
	classes = {
	};
	objectVersion = 55;
	objects = {

/* Begin PBXBuildFile section */
		14DDB5F3287C35D300E97D03 /* AppDelegate.swift in Sources */ = {isa = PBXBuildFile; fileRef = 14DDB5F2287C35D300E97D03 /* AppDelegate.swift */; };
		14DDB5F5287C35D300E97D03 /* SceneDelegate.swift in Sources */ = {isa = PBXBuildFile; fileRef = 14DDB5F4287C35D300E97D03 /* SceneDelegate.swift */; };
		14DDB5F7287C35D300E97D03 /* ViewController.swift in Sources */ = {isa = PBXBuildFile; fileRef = 14DDB5F6287C35D300E97D03 /* ViewController.swift */; };
		14DDB5FA287C35D300E97D03 /* Main.storyboard in Resources */ = {isa = PBXBuildFile; fileRef = 14DDB5F8287C35D300E97D03 /* Main.storyboard */; };
		14DDB5FC287C35D500E97D03 /* Assets.xcassets in Resources */ = {isa = PBXBuildFile; fileRef = 14DDB5FB287C35D500E97D03 /* Assets.xcassets */; };
		14DDB5FF287C35D500E97D03 /* LaunchScreen.storyboard in Resources */ = {isa = PBXBuildFile; fileRef = 14DDB5FD287C35D500E97D03 /* LaunchScreen.storyboard */; };
		45B02EF7A2DCC34EE3F9EE0E /* Pods_MyAnimationApp.framework in Frameworks */ = {isa = PBXBuildFile; fileRef = BF8CA7D32268CBEB70FE2F84 /* Pods_MyAnimationApp.framework */; };
/* End PBXBuildFile section */

/* Begin PBXFileReference section */
		14B13E5EB5B6B28DC44E2DBE /* Pods-MyAnimationApp.release.xcconfig */ = {isa = PBXFileReference; includeInIndex = 1; lastKnownFileType = text.xcconfig; name = "Pods-MyAnimationApp.release.xcconfig"; path = "Target Support Files/Pods-MyAnimationApp/Pods-MyAnimationApp.release.xcconfig"; sourceTree = "<group>"; };
		14DDB5EF287C35D300E97D03 /* MyAnimationApp.app */ = {isa = PBXFileReference; explicitFileType = wrapper.application; includeInIndex = 0; path = MyAnimationApp.app; sourceTree = BUILT_PRODUCTS_DIR; };
		14DDB5F2287C35D300E97D03 /* AppDelegate.swift */ = {isa = PBXFileReference; lastKnownFileType = sourcecode.swift; path = AppDelegate.swift; sourceTree = "<group>"; };
		14DDB5F4287C35D300E97D03 /* SceneDelegate.swift */ = {isa = PBXFileReference; lastKnownFileType = sourcecode.swift; path = SceneDelegate.swift; sourceTree = "<group>"; };
		14DDB5F6287C35D300E97D03 /* ViewController.swift */ = {isa = PBXFileReference; lastKnownFileType = sourcecode.swift; path = ViewController.swift; sourceTree = "<group>"; };
		14DDB5F9287C35D300E97D03 /* Base */ = {isa = PBXFileReference; lastKnownFileType = file.storyboard; name = Base; path = Base.lproj/Main.storyboard; sourceTree = "<group>"; };
		14DDB5FB287C35D500E97D03 /* Assets.xcassets */ = {isa = PBXFileReference; lastKnownFileType = folder.assetcatalog; path = Assets.xcassets; sourceTree = "<group>"; };
		14DDB5FE287C35D500E97D03 /* Base */ = {isa = PBXFileReference; lastKnownFileType = file.storyboard; name = Base; path = Base.lproj/LaunchScreen.storyboard; sourceTree = "<group>"; };
		14DDB600287C35D500E97D03 /* Info.plist */ = {isa = PBXFileReference; lastKnownFileType = text.plist.xml; path = Info.plist; sourceTree = "<group>"; };
		5677DF6C5880406C815C6F14 /* Pods-MyAnimationApp.debug.xcconfig */ = {isa = PBXFileReference; includeInIndex = 1; lastKnownFileType = text.xcconfig; name = "Pods-MyAnimationApp.debug.xcconfig"; path = "Target Support Files/Pods-MyAnimationApp/Pods-MyAnimationApp.debug.xcconfig"; sourceTree = "<group>"; };
		BF8CA7D32268CBEB70FE2F84 /* Pods_MyAnimationApp.framework */ = {isa = PBXFileReference; explicitFileType = wrapper.framework; includeInIndex = 0; path = Pods_MyAnimationApp.framework; sourceTree = BUILT_PRODUCTS_DIR; };
/* End PBXFileReference section */

/* Begin PBXFrameworksBuildPhase section */
		14DDB5EC287C35D300E97D03 /* Frameworks */ = {
			isa = PBXFrameworksBuildPhase;
			buildActionMask = 2147483647;
			files = (
				45B02EF7A2DCC34EE3F9EE0E /* Pods_MyAnimationApp.framework in Frameworks */,
			);
			runOnlyForDeploymentPostprocessing = 0;
		};
/* End PBXFrameworksBuildPhase section */

/* Begin PBXGroup section */
		0F6F5302A14B0D94369FCEFF /* Pods */ = {
			isa = PBXGroup;
			children = (
				5677DF6C5880406C815C6F14 /* Pods-MyAnimationApp.debug.xcconfig */,
				14B13E5EB5B6B28DC44E2DBE /* Pods-MyAnimationApp.release.xcconfig */,
			);
			name = Pods;
			path = Pods;
			sourceTree = "<group>";
		};
		14DDB5E6287C35D300E97D03 = {
			isa = PBXGroup;
			children = (
				14DDB5F1287C35D300E97D03 /* MyAnimationApp */,
				14DDB5F0287C35D300E97D03 /* Products */,
				0F6F5302A14B0D94369FCEFF /* Pods */,
				B8D324ED0AF6DF38B196A47B /* Frameworks */,
			);
			sourceTree = "<group>";
		};
		14DDB5F0287C35D300E97D03 /* Products */ = {
			isa = PBXGroup;
			children = (
				14DDB5EF287C35D300E97D03 /* MyAnimationApp.app */,
			);
			name = Products;
			sourceTree = "<group>";
		};
		14DDB5F1287C35D300E97D03 /* MyAnimationApp */ = {
			isa = PBXGroup;
			children = (
				14DDB5F2287C35D300E97D03 /* AppDelegate.swift */,
				14DDB5F4287C35D300E97D03 /* SceneDelegate.swift */,
				14DDB5F6287C35D300E97D03 /* ViewController.swift */,
				14DDB5F8287C35D300E97D03 /* Main.storyboard */,
				14DDB5FB287C35D500E97D03 /* Assets.xcassets */,
				14DDB5FD287C35D500E97D03 /* LaunchScreen.storyboard */,
				14DDB600287C35D500E97D03 /* Info.plist */,
			);
			path = MyAnimationApp;
			sourceTree = "<group>";
		};
		B8D324ED0AF6DF38B196A47B /* Frameworks */ = {
			isa = PBXGroup;
			children = (
				BF8CA7D32268CBEB70FE2F84 /* Pods_MyAnimationApp.framework */,
			);
			name = Frameworks;
			sourceTree = "<group>";
		};
/* End PBXGroup section */

/* Begin PBXNativeTarget section */
		14DDB5EE287C35D300E97D03 /* MyAnimationApp */ = {
			isa = PBXNativeTarget;
			buildConfigurationList = 14DDB603287C35D500E97D03 /* Build configuration list for PBXNativeTarget "MyAnimationApp" */;
			buildPhases = (
				53248691D79434D5394A0236 /* [CP] Check Pods Manifest.lock */,
				14DDB5EB287C35D300E97D03 /* Sources */,
				14DDB5EC287C35D300E97D03 /* Frameworks */,
				14DDB5ED287C35D300E97D03 /* Resources */,
				296D988B6D8B563183983859 /* [CP] Embed Pods Frameworks */,
			);
			buildRules = (
			);
			dependencies = (
			);
			name = MyAnimationApp;
			productName = MyAnimationApp;
			productReference = 14DDB5EF287C35D300E97D03 /* MyAnimationApp.app */;
			productType = "com.apple.product-type.application";
		};
/* End PBXNativeTarget section */

/* Begin PBXProject section */
		14DDB5E7287C35D300E97D03 /* Project object */ = {
			isa = PBXProject;
			attributes = {
				BuildIndependentTargetsInParallel = 1;
				LastSwiftUpdateCheck = 1340;
				LastUpgradeCheck = 1340;
				TargetAttributes = {
					14DDB5EE287C35D300E97D03 = {
						CreatedOnToolsVersion = 13.4.1;
					};
				};
			};
			buildConfigurationList = 14DDB5EA287C35D300E97D03 /* Build configuration list for PBXProject "MyAnimationApp" */;
			compatibilityVersion = "Xcode 13.0";
			developmentRegion = en;
			hasScannedForEncodings = 0;
			knownRegions = (
				en,
				Base,
			);
			mainGroup = 14DDB5E6287C35D300E97D03;
			productRefGroup = 14DDB5F0287C35D300E97D03 /* Products */;
			projectDirPath = "";
			projectRoot = "";
			targets = (
				14DDB5EE287C35D300E97D03 /* MyAnimationApp */,
			);
		};
/* End PBXProject section */

/* Begin PBXResourcesBuildPhase section */
		14DDB5ED287C35D300E97D03 /* Resources */ = {
			isa = PBXResourcesBuildPhase;
			buildActionMask = 2147483647;
			files = (
				14DDB5FF287C35D500E97D03 /* LaunchScreen.storyboard in Resources */,
				14DDB5FC287C35D500E97D03 /* Assets.xcassets in Resources */,
				14DDB5FA287C35D300E97D03 /* Main.storyboard in Resources */,
			);
			runOnlyForDeploymentPostprocessing = 0;
		};
/* End PBXResourcesBuildPhase section */

/* Begin PBXShellScriptBuildPhase section */
		296D988B6D8B563183983859 /* [CP] Embed Pods Frameworks */ = {
			isa = PBXShellScriptBuildPhase;
			buildActionMask = 2147483647;
			files = (
			);
			inputFileListPaths = (
				"${PODS_ROOT}/Target Support Files/Pods-MyAnimationApp/Pods-MyAnimationApp-frameworks-${CONFIGURATION}-input-files.xcfilelist",
			);
			name = "[CP] Embed Pods Frameworks";
			outputFileListPaths = (
				"${PODS_ROOT}/Target Support Files/Pods-MyAnimationApp/Pods-MyAnimationApp-frameworks-${CONFIGURATION}-output-files.xcfilelist",
			);
			runOnlyForDeploymentPostprocessing = 0;
			shellPath = /bin/sh;
			shellScript = "\"${PODS_ROOT}/Target Support Files/Pods-MyAnimationApp/Pods-MyAnimationApp-frameworks.sh\"\n";
			showEnvVarsInLog = 0;
		};
		53248691D79434D5394A0236 /* [CP] Check Pods Manifest.lock */ = {
			isa = PBXShellScriptBuildPhase;
			buildActionMask = 2147483647;
			files = (
			);
			inputFileListPaths = (
			);
			inputPaths = (
				"${PODS_PODFILE_DIR_PATH}/Podfile.lock",
				"${PODS_ROOT}/Manifest.lock",
			);
			name = "[CP] Check Pods Manifest.lock";
			outputFileListPaths = (
			);
			outputPaths = (
				"$(DERIVED_FILE_DIR)/Pods-MyAnimationApp-checkManifestLockResult.txt",
			);
			runOnlyForDeploymentPostprocessing = 0;
			shellPath = /bin/sh;
			shellScript = "diff \"${PODS_PODFILE_DIR_PATH}/Podfile.lock\" \"${PODS_ROOT}/Manifest.lock\" > /dev/null\nif [ $? != 0 ] ; then\n    # print error to STDERR\n    echo \"error: The sandbox is not in sync with the Podfile.lock. Run 'pod install' or update your CocoaPods installation.\" >&2\n    exit 1\nfi\n# This output is used by Xcode 'outputs' to avoid re-running this script phase.\necho \"SUCCESS\" > \"${SCRIPT_OUTPUT_FILE_0}\"\n";
			showEnvVarsInLog = 0;
		};
/* End PBXShellScriptBuildPhase section */

/* Begin PBXSourcesBuildPhase section */
		14DDB5EB287C35D300E97D03 /* Sources */ = {
			isa = PBXSourcesBuildPhase;
			buildActionMask = 2147483647;
			files = (
				14DDB5F7287C35D300E97D03 /* ViewController.swift in Sources */,
				14DDB5F3287C35D300E97D03 /* AppDelegate.swift in Sources */,
				14DDB5F5287C35D300E97D03 /* SceneDelegate.swift in Sources */,
			);
			runOnlyForDeploymentPostprocessing = 0;
		};
/* End PBXSourcesBuildPhase section */

/* Begin PBXVariantGroup section */
		14DDB5F8287C35D300E97D03 /* Main.storyboard */ = {
			isa = PBXVariantGroup;
			children = (
				14DDB5F9287C35D300E97D03 /* Base */,
			);
			name = Main.storyboard;
			sourceTree = "<group>";
		};
		14DDB5FD287C35D500E97D03 /* LaunchScreen.storyboard */ = {
			isa = PBXVariantGroup;
			children = (
				14DDB5FE287C35D500E97D03 /* Base */,
			);
			name = LaunchScreen.storyboard;
			sourceTree = "<group>";
		};
/* End PBXVariantGroup section */

/* Begin XCBuildConfiguration section */
		14DDB601287C35D500E97D03 /* Debug */ = {
			isa = XCBuildConfiguration;
			buildSettings = {
				ALWAYS_SEARCH_USER_PATHS = NO;
				CLANG_ANALYZER_NONNULL = YES;
				CLANG_ANALYZER_NUMBER_OBJECT_CONVERSION = YES_AGGRESSIVE;
				CLANG_CXX_LANGUAGE_STANDARD = "gnu++17";
				CLANG_ENABLE_MODULES = YES;
				CLANG_ENABLE_OBJC_ARC = YES;
				CLANG_ENABLE_OBJC_WEAK = YES;
				CLANG_WARN_BLOCK_CAPTURE_AUTORELEASING = YES;
				CLANG_WARN_BOOL_CONVERSION = YES;
				CLANG_WARN_COMMA = YES;
				CLANG_WARN_CONSTANT_CONVERSION = YES;
				CLANG_WARN_DEPRECATED_OBJC_IMPLEMENTATIONS = YES;
				CLANG_WARN_DIRECT_OBJC_ISA_USAGE = YES_ERROR;
				CLANG_WARN_DOCUMENTATION_COMMENTS = YES;
				CLANG_WARN_EMPTY_BODY = YES;
				CLANG_WARN_ENUM_CONVERSION = YES;
				CLANG_WARN_INFINITE_RECURSION = YES;
				CLANG_WARN_INT_CONVERSION = YES;
				CLANG_WARN_NON_LITERAL_NULL_CONVERSION = YES;
				CLANG_WARN_OBJC_IMPLICIT_RETAIN_SELF = YES;
				CLANG_WARN_OBJC_LITERAL_CONVERSION = YES;
				CLANG_WARN_OBJC_ROOT_CLASS = YES_ERROR;
				CLANG_WARN_QUOTED_INCLUDE_IN_FRAMEWORK_HEADER = YES;
				CLANG_WARN_RANGE_LOOP_ANALYSIS = YES;
				CLANG_WARN_STRICT_PROTOTYPES = YES;
				CLANG_WARN_SUSPICIOUS_MOVE = YES;
				CLANG_WARN_UNGUARDED_AVAILABILITY = YES_AGGRESSIVE;
				CLANG_WARN_UNREACHABLE_CODE = YES;
				CLANG_WARN__DUPLICATE_METHOD_MATCH = YES;
				COPY_PHASE_STRIP = NO;
				DEBUG_INFORMATION_FORMAT = dwarf;
				ENABLE_STRICT_OBJC_MSGSEND = YES;
				ENABLE_TESTABILITY = YES;
				GCC_C_LANGUAGE_STANDARD = gnu11;
				GCC_DYNAMIC_NO_PIC = NO;
				GCC_NO_COMMON_BLOCKS = YES;
				GCC_OPTIMIZATION_LEVEL = 0;
				GCC_PREPROCESSOR_DEFINITIONS = (
					"DEBUG=1",
					"$(inherited)",
				);
				GCC_WARN_64_TO_32_BIT_CONVERSION = YES;
				GCC_WARN_ABOUT_RETURN_TYPE = YES_ERROR;
				GCC_WARN_UNDECLARED_SELECTOR = YES;
				GCC_WARN_UNINITIALIZED_AUTOS = YES_AGGRESSIVE;
				GCC_WARN_UNUSED_FUNCTION = YES;
				GCC_WARN_UNUSED_VARIABLE = YES;
				IPHONEOS_DEPLOYMENT_TARGET = 15.5;
				MTL_ENABLE_DEBUG_INFO = INCLUDE_SOURCE;
				MTL_FAST_MATH = YES;
				ONLY_ACTIVE_ARCH = YES;
				SDKROOT = iphoneos;
				SWIFT_ACTIVE_COMPILATION_CONDITIONS = DEBUG;
				SWIFT_OPTIMIZATION_LEVEL = "-Onone";
			};
			name = Debug;
		};
		14DDB602287C35D500E97D03 /* Release */ = {
			isa = XCBuildConfiguration;
			buildSettings = {
				ALWAYS_SEARCH_USER_PATHS = NO;
				CLANG_ANALYZER_NONNULL = YES;
				CLANG_ANALYZER_NUMBER_OBJECT_CONVERSION = YES_AGGRESSIVE;
				CLANG_CXX_LANGUAGE_STANDARD = "gnu++17";
				CLANG_ENABLE_MODULES = YES;
				CLANG_ENABLE_OBJC_ARC = YES;
				CLANG_ENABLE_OBJC_WEAK = YES;
				CLANG_WARN_BLOCK_CAPTURE_AUTORELEASING = YES;
				CLANG_WARN_BOOL_CONVERSION = YES;
				CLANG_WARN_COMMA = YES;
				CLANG_WARN_CONSTANT_CONVERSION = YES;
				CLANG_WARN_DEPRECATED_OBJC_IMPLEMENTATIONS = YES;
				CLANG_WARN_DIRECT_OBJC_ISA_USAGE = YES_ERROR;
				CLANG_WARN_DOCUMENTATION_COMMENTS = YES;
				CLANG_WARN_EMPTY_BODY = YES;
				CLANG_WARN_ENUM_CONVERSION = YES;
				CLANG_WARN_INFINITE_RECURSION = YES;
				CLANG_WARN_INT_CONVERSION = YES;
				CLANG_WARN_NON_LITERAL_NULL_CONVERSION = YES;
				CLANG_WARN_OBJC_IMPLICIT_RETAIN_SELF = YES;
				CLANG_WARN_OBJC_LITERAL_CONVERSION = YES;
				CLANG_WARN_OBJC_ROOT_CLASS = YES_ERROR;
				CLANG_WARN_QUOTED_INCLUDE_IN_FRAMEWORK_HEADER = YES;
				CLANG_WARN_RANGE_LOOP_ANALYSIS = YES;
				CLANG_WARN_STRICT_PROTOTYPES = YES;
				CLANG_WARN_SUSPICIOUS_MOVE = YES;
				CLANG_WARN_UNGUARDED_AVAILABILITY = YES_AGGRESSIVE;
				CLANG_WARN_UNREACHABLE_CODE = YES;
				CLANG_WARN__DUPLICATE_METHOD_MATCH = YES;
				COPY_PHASE_STRIP = NO;
				DEBUG_INFORMATION_FORMAT = "dwarf-with-dsym";
				ENABLE_NS_ASSERTIONS = NO;
				ENABLE_STRICT_OBJC_MSGSEND = YES;
				GCC_C_LANGUAGE_STANDARD = gnu11;
				GCC_NO_COMMON_BLOCKS = YES;
				GCC_WARN_64_TO_32_BIT_CONVERSION = YES;
				GCC_WARN_ABOUT_RETURN_TYPE = YES_ERROR;
				GCC_WARN_UNDECLARED_SELECTOR = YES;
				GCC_WARN_UNINITIALIZED_AUTOS = YES_AGGRESSIVE;
				GCC_WARN_UNUSED_FUNCTION = YES;
				GCC_WARN_UNUSED_VARIABLE = YES;
				IPHONEOS_DEPLOYMENT_TARGET = 15.5;
				MTL_ENABLE_DEBUG_INFO = NO;
				MTL_FAST_MATH = YES;
				SDKROOT = iphoneos;
				SWIFT_COMPILATION_MODE = wholemodule;
				SWIFT_OPTIMIZATION_LEVEL = "-O";
				VALIDATE_PRODUCT = YES;
			};
			name = Release;
		};
		14DDB604287C35D500E97D03 /* Debug */ = {
			isa = XCBuildConfiguration;
			baseConfigurationReference = 5677DF6C5880406C815C6F14 /* Pods-MyAnimationApp.debug.xcconfig */;
			buildSettings = {
				ASSETCATALOG_COMPILER_APPICON_NAME = AppIcon;
				ASSETCATALOG_COMPILER_GLOBAL_ACCENT_COLOR_NAME = AccentColor;
				CODE_SIGN_STYLE = Automatic;
				CURRENT_PROJECT_VERSION = 1;
				DEVELOPMENT_TEAM = 5PA42A853Q;
				GENERATE_INFOPLIST_FILE = YES;
				INFOPLIST_FILE = MyAnimationApp/Info.plist;
				INFOPLIST_KEY_UIApplicationSupportsIndirectInputEvents = YES;
				INFOPLIST_KEY_UILaunchStoryboardName = LaunchScreen;
				INFOPLIST_KEY_UIMainStoryboardFile = Main;
				INFOPLIST_KEY_UISupportedInterfaceOrientations_iPad = "UIInterfaceOrientationPortrait UIInterfaceOrientationPortraitUpsideDown UIInterfaceOrientationLandscapeLeft UIInterfaceOrientationLandscapeRight";
				INFOPLIST_KEY_UISupportedInterfaceOrientations_iPhone = "UIInterfaceOrientationPortrait UIInterfaceOrientationLandscapeLeft UIInterfaceOrientationLandscapeRight";
				LD_RUNPATH_SEARCH_PATHS = (
					"$(inherited)",
					"@executable_path/Frameworks",
				);
				MARKETING_VERSION = 1.0;
				PRODUCT_BUNDLE_IDENTIFIER = VadimShinkarenko.MyAnimationApp;
				PRODUCT_NAME = "$(TARGET_NAME)";
				SWIFT_EMIT_LOC_STRINGS = YES;
				SWIFT_VERSION = 5.0;
				TARGETED_DEVICE_FAMILY = 1;
			};
			name = Debug;
		};
		14DDB605287C35D500E97D03 /* Release */ = {
			isa = XCBuildConfiguration;
			baseConfigurationReference = 14B13E5EB5B6B28DC44E2DBE /* Pods-MyAnimationApp.release.xcconfig */;
			buildSettings = {
				ASSETCATALOG_COMPILER_APPICON_NAME = AppIcon;
				ASSETCATALOG_COMPILER_GLOBAL_ACCENT_COLOR_NAME = AccentColor;
				CODE_SIGN_STYLE = Automatic;
				CURRENT_PROJECT_VERSION = 1;
				DEVELOPMENT_TEAM = 5PA42A853Q;
				GENERATE_INFOPLIST_FILE = YES;
				INFOPLIST_FILE = MyAnimationApp/Info.plist;
				INFOPLIST_KEY_UIApplicationSupportsIndirectInputEvents = YES;
				INFOPLIST_KEY_UILaunchStoryboardName = LaunchScreen;
				INFOPLIST_KEY_UIMainStoryboardFile = Main;
				INFOPLIST_KEY_UISupportedInterfaceOrientations_iPad = "UIInterfaceOrientationPortrait UIInterfaceOrientationPortraitUpsideDown UIInterfaceOrientationLandscapeLeft UIInterfaceOrientationLandscapeRight";
				INFOPLIST_KEY_UISupportedInterfaceOrientations_iPhone = "UIInterfaceOrientationPortrait UIInterfaceOrientationLandscapeLeft UIInterfaceOrientationLandscapeRight";
				LD_RUNPATH_SEARCH_PATHS = (
					"$(inherited)",
					"@executable_path/Frameworks",
				);
				MARKETING_VERSION = 1.0;
				PRODUCT_BUNDLE_IDENTIFIER = VadimShinkarenko.MyAnimationApp;
				PRODUCT_NAME = "$(TARGET_NAME)";
				SWIFT_EMIT_LOC_STRINGS = YES;
				SWIFT_VERSION = 5.0;
				TARGETED_DEVICE_FAMILY = 1;
			};
			name = Release;
		};
/* End XCBuildConfiguration section */

/* Begin XCConfigurationList section */
		14DDB5EA287C35D300E97D03 /* Build configuration list for PBXProject "MyAnimationApp" */ = {
			isa = XCConfigurationList;
			buildConfigurations = (
				14DDB601287C35D500E97D03 /* Debug */,
				14DDB602287C35D500E97D03 /* Release */,
			);
			defaultConfigurationIsVisible = 0;
			defaultConfigurationName = Release;
		};
		14DDB603287C35D500E97D03 /* Build configuration list for PBXNativeTarget "MyAnimationApp" */ = {
			isa = XCConfigurationList;
			buildConfigurations = (
				14DDB604287C35D500E97D03 /* Debug */,
				14DDB605287C35D500E97D03 /* Release */,
			);
			defaultConfigurationIsVisible = 0;
			defaultConfigurationName = Release;
		};
/* End XCConfigurationList section */
	};
	rootObject = 14DDB5E7287C35D300E97D03 /* Project object */;
}
